<?xml version="1.0" encoding="utf-8"?>
<Project ToolsVersion="4.0" xmlns="http://schemas.microsoft.com/developer/msbuild/2003">
  <ItemGroup>
    <Filter Include="Source Files">
      <UniqueIdentifier>{4FC737F1-C7A5-4376-A066-2A32D752A2FF}</UniqueIdentifier>
      <Extensions>cpp;c;cc;cxx;c++;cppm;ixx;def;odl;idl;hpj;bat;asm;asmx</Extensions>
    </Filter>
    <Filter Include="Header Files">
      <UniqueIdentifier>{93995380-89BD-4b04-88EB-625FBE52EBFB}</UniqueIdentifier>
      <Extensions>h;hh;hpp;hxx;h++;hm;inl;inc;ipp;xsd</Extensions>
    </Filter>
    <Filter Include="Resource Files">
      <UniqueIdentifier>{67DA6AB6-F800-4c08-8B7A-83BB121AAD01}</UniqueIdentifier>
      <Extensions>rc;ico;cur;bmp;dlg;rc2;rct;bin;rgs;gif;jpg;jpeg;jpe;resx;tiff;tif;png;wav;mfcribbon-ms</Extensions>
    </Filter>
    <Filter Include="Source Files\Materials">
      <UniqueIdentifier>{528713df-542d-4e53-908d-1a7550b54ed4}</UniqueIdentifier>
    </Filter>
    <Filter Include="Source Files\Textures">
      <UniqueIdentifier>{6384e32a-654b-4863-b523-43c2d6a21d5b}</UniqueIdentifier>
    </Filter>
    <Filter Include="Source Files\Assets">
      <UniqueIdentifier>{5676655f-dacf-449d-b7e0-99893e72abb4}</UniqueIdentifier>
    </Filter>
    <Filter Include="Source Files\Hitables">
      <UniqueIdentifier>{c4bf9da1-9b55-498b-a958-976161e52118}</UniqueIdentifier>
    </Filter>
    <Filter Include="Source Files\Scene">
      <UniqueIdentifier>{28291b55-45aa-41b7-a463-81982d1bf4f8}</UniqueIdentifier>
    </Filter>
  </ItemGroup>
  <ItemGroup>
    <ClCompile Include="main.cpp">
      <Filter>Source Files</Filter>
    </ClCompile>
    <ClCompile Include="Libraries\jsoncpp\dist\jsoncpp.cpp">
      <Filter>Source Files</Filter>
    </ClCompile>
  </ItemGroup>
  <ItemGroup>
    <ClInclude Include="sdltemplate.h">
      <Filter>Source Files</Filter>
    </ClInclude>
    <ClInclude Include="vec3.h">
      <Filter>Source Files</Filter>
    </ClInclude>
    <ClInclude Include="ray.h">
      <Filter>Source Files</Filter>
    </ClInclude>
    <ClInclude Include="camera.h">
      <Filter>Source Files</Filter>
    </ClInclude>
    <ClInclude Include="Materials\lambertian.h">
      <Filter>Source Files\Materials</Filter>
    </ClInclude>
    <ClInclude Include="Materials\metal.h">
      <Filter>Source Files\Materials</Filter>
    </ClInclude>
    <ClInclude Include="Materials\material.h">
      <Filter>Source Files\Materials</Filter>
    </ClInclude>
    <ClInclude Include="Materials\dielectric.h">
      <Filter>Source Files\Materials</Filter>
    </ClInclude>
    <ClInclude Include="utility.h">
      <Filter>Source Files</Filter>
    </ClInclude>
    <ClInclude Include="Textures\texture.h">
      <Filter>Source Files\Textures</Filter>
    </ClInclude>
    <ClInclude Include="Textures\texSolidColour.h">
      <Filter>Source Files\Textures</Filter>
    </ClInclude>
    <ClInclude Include="Textures\texChecker.h">
      <Filter>Source Files\Textures</Filter>
    </ClInclude>
    <ClInclude Include="perlin.h">
      <Filter>Source Files</Filter>
    </ClInclude>
    <ClInclude Include="Textures\texPerlin.h">
      <Filter>Source Files\Textures</Filter>
    </ClInclude>
    <ClInclude Include="stb_image.h">
      <Filter>Source Files</Filter>
    </ClInclude>
    <ClInclude Include="Textures\texImage.h">
      <Filter>Source Files\Textures</Filter>
    </ClInclude>
    <ClInclude Include="Materials\diffuseLight.h">
      <Filter>Source Files\Materials</Filter>
    </ClInclude>
    <ClInclude Include="Hitables\hitable.h">
      <Filter>Source Files\Hitables</Filter>
    </ClInclude>
    <ClInclude Include="Hitables\hitableList.h">
      <Filter>Source Files\Hitables</Filter>
    </ClInclude>
    <ClInclude Include="Hitables\sphere.h">
      <Filter>Source Files\Hitables</Filter>
    </ClInclude>
    <ClInclude Include="Hitables\movingSphere.h">
      <Filter>Source Files\Hitables</Filter>
    </ClInclude>
    <ClInclude Include="Hitables\xyRect.h">
      <Filter>Source Files\Hitables</Filter>
    </ClInclude>
    <ClInclude Include="Hitables\xzRect.h">
      <Filter>Source Files\Hitables</Filter>
    </ClInclude>
    <ClInclude Include="Hitables\yzRect.h">
      <Filter>Source Files\Hitables</Filter>
    </ClInclude>
    <ClInclude Include="Hitables\box.h">
      <Filter>Source Files\Hitables</Filter>
    </ClInclude>
    <ClInclude Include="translate.h">
      <Filter>Source Files</Filter>
    </ClInclude>
    <ClInclude Include="rotate.h">
      <Filter>Source Files</Filter>
    </ClInclude>
    <ClInclude Include="Hitables\constantVolume.h">
      <Filter>Source Files\Hitables</Filter>
    </ClInclude>
    <ClInclude Include="Materials\isotropic.h">
      <Filter>Source Files\Materials</Filter>
    </ClInclude>
    <ClInclude Include="Hitables\aabb.h">
      <Filter>Source Files\Hitables</Filter>
    </ClInclude>
    <ClInclude Include="Hitables\bvhNode.h">
      <Filter>Source Files\Hitables</Filter>
    </ClInclude>
    <ClInclude Include="Scene\sceneParser.h">
      <Filter>Source Files\Scene</Filter>
    </ClInclude>
    <ClInclude Include="Libraries\jsoncpp\dist\json\json.h">
      <Filter>Header Files</Filter>
    </ClInclude>
    <ClInclude Include="Libraries\jsoncpp\dist\json\json-forwards.h">
      <Filter>Header Files</Filter>
    </ClInclude>
  </ItemGroup>
  <ItemGroup>
    <Image Include="Assets\earthmap.jpg">
      <Filter>Source Files\Assets</Filter>
    </Image>
    <Image Include="Assets\texBrickWall.jpg">
      <Filter>Source Files\Assets</Filter>
    </Image>
  </ItemGroup>
  <ItemGroup>
    <Text Include="Scene\sceneSingleSphere.txt">
      <Filter>Source Files\Scene</Filter>
    </Text>
    <Text Include="Scene\reference.txt">
      <Filter>Source Files\Scene</Filter>
    </Text>
    <Text Include="Scene\sceneTest.txt">
      <Filter>Source Files\Scene</Filter>
    </Text>
  </ItemGroup>
</Project>